
Microsoft Visual Studio Solution File, Format Version 12.00
# Visual Studio 2012
Project("{FAE04EC0-301F-11D3-BF4B-00C04F79EFBC}") = "leancycle.test", "leancycle.test\leancycle.test.csproj", "{494395C8-1809-4438-B31D-EA79E969B416}"
EndProject
Global
	GlobalSection(SolutionConfigurationPlatforms) = preSolution
		Debug|Any CPU = Debug|Any CPU
		Release|Any CPU = Release|Any CPU
	EndGlobalSection
	GlobalSection(ProjectConfigurationPlatforms) = postSolution
		{494395C8-1809-4438-B31D-EA79E969B416}.Debug|Any CPU.ActiveCfg = Debug|Any CPU
		{494395C8-1809-4438-B31D-EA79E969B416}.Debug|Any CPU.Build.0 = Debug|Any CPU
		{494395C8-1809-4438-B31D-EA79E969B416}.Release|Any CPU.ActiveCfg = Release|Any CPU
		{494395C8-1809-4438-B31D-EA79E969B416}.Release|Any CPU.Build.0 = Release|Any CPU
	EndGlobalSection
EndGlobal
